
Microsoft Visual Studio Solution File, Format Version 12.00
# Visual Studio Version 17
VisualStudioVersion = 17.5.33627.172
MinimumVisualStudioVersion = 10.0.40219.1
Project("{FAE04EC0-301F-11D3-BF4B-00C04F79EFBC}") = "Module6", "Module6.csproj", "{DC5DC0F9-8949-4A02-B61E-62898ED9AABB}"
EndProject
Global
	GlobalSection(SolutionConfigurationPlatforms) = preSolution
		Debug|Any CPU = Debug|Any CPU
		Release|Any CPU = Release|Any CPU
	EndGlobalSection
	GlobalSection(ProjectConfigurationPlatforms) = postSolution
		{DC5DC0F9-8949-4A02-B61E-62898ED9AABB}.Debug|Any CPU.ActiveCfg = Debug|Any CPU
		{DC5DC0F9-8949-4A02-B61E-62898ED9AABB}.Debug|Any CPU.Build.0 = Debug|Any CPU
		{DC5DC0F9-8949-4A02-B61E-62898ED9AABB}.Release|Any CPU.ActiveCfg = Release|Any CPU
		{DC5DC0F9-8949-4A02-B61E-62898ED9AABB}.Release|Any CPU.Build.0 = Release|Any CPU
	EndGlobalSection
	GlobalSection(SolutionProperties) = preSolution
		HideSolutionNode = FALSE
	EndGlobalSection
	GlobalSection(ExtensibilityGlobals) = postSolution
		SolutionGuid = {DC7A2FE3-D169-445B-84C3-6DA866982865}
	EndGlobalSection
EndGlobal
